
Microsoft Visual Studio Solution File, Format Version 12.00
# Visual Studio Version 17
VisualStudioVersion = 17.4.33403.182
MinimumVisualStudioVersion = 10.0.40219.1
Project("{9A19103F-16F7-4668-BE54-9A1E7A4F7556}") = "SalesCalculation", "SalesCalculation\SalesCalculation.csproj", "{BA51556D-AC3A-435E-8704-DFB4BE88948A}"
EndProject
Project("{9A19103F-16F7-4668-BE54-9A1E7A4F7556}") = "Descreasing", "Descreasing\Descreasing.csproj", "{BDEFCE4E-17F7-47A5-A4A1-11C51DF03C71}"
EndProject
Project("{9A19103F-16F7-4668-BE54-9A1E7A4F7556}") = "Average", "Average\Average.csproj", "{D264799B-8B48-47EA-9742-DB79D613ABD3}"
EndProject
Project("{FAE04EC0-301F-11D3-BF4B-00C04F79EFBC}") = "SimpleCalculator", "SimpleCalculator\SimpleCalculator.csproj", "{8DDEA64E-F13A-4735-A60D-6895AA3C8C69}"
EndProject
Project("{FAE04EC0-301F-11D3-BF4B-00C04F79EFBC}") = "Invoice", "Invoice\Invoice.csproj", "{0B2415ED-CE03-4EB4-9013-94FA9335D083}"
EndProject
Project("{FAE04EC0-301F-11D3-BF4B-00C04F79EFBC}") = "MultiplicationTable", "MultiplicationTable\MultiplicationTable.csproj", "{7ED39A4D-86BE-4A96-BE12-61299395B7E5}"
EndProject
Global
	GlobalSection(SolutionConfigurationPlatforms) = preSolution
		Debug|Any CPU = Debug|Any CPU
		Release|Any CPU = Release|Any CPU
	EndGlobalSection
	GlobalSection(ProjectConfigurationPlatforms) = postSolution
		{BA51556D-AC3A-435E-8704-DFB4BE88948A}.Debug|Any CPU.ActiveCfg = Debug|Any CPU
		{BA51556D-AC3A-435E-8704-DFB4BE88948A}.Debug|Any CPU.Build.0 = Debug|Any CPU
		{BA51556D-AC3A-435E-8704-DFB4BE88948A}.Release|Any CPU.ActiveCfg = Release|Any CPU
		{BA51556D-AC3A-435E-8704-DFB4BE88948A}.Release|Any CPU.Build.0 = Release|Any CPU
		{BDEFCE4E-17F7-47A5-A4A1-11C51DF03C71}.Debug|Any CPU.ActiveCfg = Debug|Any CPU
		{BDEFCE4E-17F7-47A5-A4A1-11C51DF03C71}.Debug|Any CPU.Build.0 = Debug|Any CPU
		{BDEFCE4E-17F7-47A5-A4A1-11C51DF03C71}.Release|Any CPU.ActiveCfg = Release|Any CPU
		{BDEFCE4E-17F7-47A5-A4A1-11C51DF03C71}.Release|Any CPU.Build.0 = Release|Any CPU
		{D264799B-8B48-47EA-9742-DB79D613ABD3}.Debug|Any CPU.ActiveCfg = Debug|Any CPU
		{D264799B-8B48-47EA-9742-DB79D613ABD3}.Debug|Any CPU.Build.0 = Debug|Any CPU
		{D264799B-8B48-47EA-9742-DB79D613ABD3}.Release|Any CPU.ActiveCfg = Release|Any CPU
		{D264799B-8B48-47EA-9742-DB79D613ABD3}.Release|Any CPU.Build.0 = Release|Any CPU
		{8DDEA64E-F13A-4735-A60D-6895AA3C8C69}.Debug|Any CPU.ActiveCfg = Debug|Any CPU
		{8DDEA64E-F13A-4735-A60D-6895AA3C8C69}.Debug|Any CPU.Build.0 = Debug|Any CPU
		{8DDEA64E-F13A-4735-A60D-6895AA3C8C69}.Release|Any CPU.ActiveCfg = Release|Any CPU
		{8DDEA64E-F13A-4735-A60D-6895AA3C8C69}.Release|Any CPU.Build.0 = Release|Any CPU
		{0B2415ED-CE03-4EB4-9013-94FA9335D083}.Debug|Any CPU.ActiveCfg = Debug|Any CPU
		{0B2415ED-CE03-4EB4-9013-94FA9335D083}.Debug|Any CPU.Build.0 = Debug|Any CPU
		{0B2415ED-CE03-4EB4-9013-94FA9335D083}.Release|Any CPU.ActiveCfg = Release|Any CPU
		{0B2415ED-CE03-4EB4-9013-94FA9335D083}.Release|Any CPU.Build.0 = Release|Any CPU
		{7ED39A4D-86BE-4A96-BE12-61299395B7E5}.Debug|Any CPU.ActiveCfg = Debug|Any CPU
		{7ED39A4D-86BE-4A96-BE12-61299395B7E5}.Debug|Any CPU.Build.0 = Debug|Any CPU
		{7ED39A4D-86BE-4A96-BE12-61299395B7E5}.Release|Any CPU.ActiveCfg = Release|Any CPU
		{7ED39A4D-86BE-4A96-BE12-61299395B7E5}.Release|Any CPU.Build.0 = Release|Any CPU
	EndGlobalSection
	GlobalSection(SolutionProperties) = preSolution
		HideSolutionNode = FALSE
	EndGlobalSection
	GlobalSection(ExtensibilityGlobals) = postSolution
		SolutionGuid = {CE80A74E-A0BE-4E43-9425-2CF8C40C853A}
	EndGlobalSection
EndGlobal
